
Microsoft Visual Studio Solution File, Format Version 12.00
# Visual Studio Version 17
VisualStudioVersion = 17.6.33723.286
MinimumVisualStudioVersion = 10.0.40219.1
Project("{FAE04EC0-301F-11D3-BF4B-00C04F79EFBC}") = "Calculate_Volume_By_SKU", "Calculate_Volume_By_SKU.csproj", "{8BDC8403-F4C7-4B39-B87F-8C4F73D491BB}"
EndProject
Global
	GlobalSection(SolutionConfigurationPlatforms) = preSolution
		Debug|Any CPU = Debug|Any CPU
		Release|Any CPU = Release|Any CPU
	EndGlobalSection
	GlobalSection(ProjectConfigurationPlatforms) = postSolution
		{8BDC8403-F4C7-4B39-B87F-8C4F73D491BB}.Debug|Any CPU.ActiveCfg = Debug|Any CPU
		{8BDC8403-F4C7-4B39-B87F-8C4F73D491BB}.Debug|Any CPU.Build.0 = Debug|Any CPU
		{8BDC8403-F4C7-4B39-B87F-8C4F73D491BB}.Release|Any CPU.ActiveCfg = Release|Any CPU
		{8BDC8403-F4C7-4B39-B87F-8C4F73D491BB}.Release|Any CPU.Build.0 = Release|Any CPU
	EndGlobalSection
	GlobalSection(SolutionProperties) = preSolution
		HideSolutionNode = FALSE
	EndGlobalSection
	GlobalSection(ExtensibilityGlobals) = postSolution
		SolutionGuid = {66A5309B-8487-4B82-8F65-FF12387C5966}
	EndGlobalSection
EndGlobal
